// !$*UTF8*$!
{
	archiveVersion = 1;
	classes = {
	};
	objectVersion = 51;
	objects = {

/* Begin PBXBuildFile section */
		D40214C8249E41E400565A6D /* main.swift in Sources */ = {isa = PBXBuildFile; fileRef = D44D99D822412D390071B02E /* main.swift */; };
		D4BCE26D24D599C200A52172 /* RVS_IPAddress.swift in Sources */ = {isa = PBXBuildFile; fileRef = D44D99EB22412DBF0071B02E /* RVS_IPAddress.swift */; };
		D4C229CE24943CA500C7B207 /* RVS_IPAddress.swift in Sources */ = {isa = PBXBuildFile; fileRef = D44D99EB22412DBF0071B02E /* RVS_IPAddress.swift */; };
		D4C8FEE624D4D3D9000A1375 /* RVS_IPAddress_Test.swift in Sources */ = {isa = PBXBuildFile; fileRef = D4C229D124943CD700C7B207 /* RVS_IPAddress_Test.swift */; };
/* End PBXBuildFile section */

/* Begin PBXCopyFilesBuildPhase section */
		D4C229C424943C9300C7B207 /* CopyFiles */ = {
			isa = PBXCopyFilesBuildPhase;
			buildActionMask = 2147483647;
			dstPath = /usr/share/man/man1/;
			dstSubfolderSpec = 0;
			files = (
			);
			runOnlyForDeploymentPostprocessing = 1;
		};
/* End PBXCopyFilesBuildPhase section */

/* Begin PBXFileReference section */
		D44D99D822412D390071B02E /* main.swift */ = {isa = PBXFileReference; lastKnownFileType = sourcecode.swift; path = main.swift; sourceTree = "<group>"; };
		D44D99EB22412DBF0071B02E /* RVS_IPAddress.swift */ = {isa = PBXFileReference; fileEncoding = 4; lastKnownFileType = sourcecode.swift; path = RVS_IPAddress.swift; sourceTree = "<group>"; };
		D4C229B3249435CA00C7B207 /* Warnings.xcconfig */ = {isa = PBXFileReference; fileEncoding = 4; lastKnownFileType = text.xcconfig; name = Warnings.xcconfig; path = "Project-Meta/Warnings.xcconfig"; sourceTree = "<group>"; };
		D4C229C624943C9300C7B207 /* RVS_IPAddress */ = {isa = PBXFileReference; explicitFileType = "compiled.mach-o.executable"; includeInIndex = 0; path = RVS_IPAddress; sourceTree = BUILT_PRODUCTS_DIR; };
		D4C229D124943CD700C7B207 /* RVS_IPAddress_Test.swift */ = {isa = PBXFileReference; lastKnownFileType = sourcecode.swift; path = RVS_IPAddress_Test.swift; sourceTree = "<group>"; };
		D4C229D224943CD700C7B207 /* Info.plist */ = {isa = PBXFileReference; lastKnownFileType = text.plist.xml; path = Info.plist; sourceTree = "<group>"; };
		D4C229D724943D0200C7B207 /* RVS_IPAddressTests.xctest */ = {isa = PBXFileReference; explicitFileType = wrapper.cfbundle; includeInIndex = 0; path = RVS_IPAddressTests.xctest; sourceTree = BUILT_PRODUCTS_DIR; };
		D4C8FEE824D4D651000A1375 /* Info.plist */ = {isa = PBXFileReference; lastKnownFileType = text.plist.xml; name = Info.plist; path = "Project-Meta/Info.plist"; sourceTree = "<group>"; };
/* End PBXFileReference section */

/* Begin PBXFrameworksBuildPhase section */
		D4C229C324943C9300C7B207 /* Frameworks */ = {
			isa = PBXFrameworksBuildPhase;
			buildActionMask = 2147483647;
			files = (
			);
			runOnlyForDeploymentPostprocessing = 0;
		};
/* End PBXFrameworksBuildPhase section */

/* Begin PBXGroup section */
		D44D99CC22412D390071B02E = {
			isa = PBXGroup;
			children = (
				D4C8FEE324D4D2C0000A1375 /* Sources */,
				D4C8FEE424D4D2D5000A1375 /* Tests */,
				D4C229B524943A8D00C7B207 /* Project-Meta */,
				D44D99D622412D390071B02E /* Products */,
			);
			sourceTree = "<group>";
		};
		D44D99D622412D390071B02E /* Products */ = {
			isa = PBXGroup;
			children = (
				D4C229C624943C9300C7B207 /* RVS_IPAddress */,
				D4C229D724943D0200C7B207 /* RVS_IPAddressTests.xctest */,
			);
			name = Products;
			sourceTree = "<group>";
		};
		D44D99D722412D390071B02E /* RVS_IPAddress */ = {
			isa = PBXGroup;
			children = (
				D44D99EB22412DBF0071B02E /* RVS_IPAddress.swift */,
			);
			path = RVS_IPAddress;
			sourceTree = "<group>";
		};
		D4C229B524943A8D00C7B207 /* Project-Meta */ = {
			isa = PBXGroup;
			children = (
				D4C8FEE824D4D651000A1375 /* Info.plist */,
				D4C229B3249435CA00C7B207 /* Warnings.xcconfig */,
			);
			name = "Project-Meta";
			sourceTree = "<group>";
		};
		D4C229D024943CD700C7B207 /* RVS_IPAddressTest */ = {
			isa = PBXGroup;
			children = (
				D4C229D124943CD700C7B207 /* RVS_IPAddress_Test.swift */,
			);
			path = RVS_IPAddressTest;
			sourceTree = "<group>";
		};
		D4C8FEE324D4D2C0000A1375 /* Sources */ = {
			isa = PBXGroup;
			children = (
				D44D99D722412D390071B02E /* RVS_IPAddress */,
			);
			path = Sources;
			sourceTree = "<group>";
		};
		D4C8FEE424D4D2D5000A1375 /* Tests */ = {
			isa = PBXGroup;
			children = (
				D44D99D822412D390071B02E /* main.swift */,
				D4C229D224943CD700C7B207 /* Info.plist */,
				D4C229D024943CD700C7B207 /* RVS_IPAddressTest */,
			);
			path = Tests;
			sourceTree = "<group>";
		};
/* End PBXGroup section */

/* Begin PBXNativeTarget section */
		D4C229C524943C9300C7B207 /* RVS_IPAddress */ = {
			isa = PBXNativeTarget;
			buildConfigurationList = D4C229CA24943C9300C7B207 /* Build configuration list for PBXNativeTarget "RVS_IPAddress" */;
			buildPhases = (
				D4907AC524956340007FAE32 /* SwiftLint */,
				D4C229C224943C9300C7B207 /* Sources */,
				D4C229C324943C9300C7B207 /* Frameworks */,
				D4C229C424943C9300C7B207 /* CopyFiles */,
			);
			buildRules = (
			);
			dependencies = (
			);
			name = RVS_IPAddress;
			productName = RVS_IPAddress;
			productReference = D4C229C624943C9300C7B207 /* RVS_IPAddress */;
			productType = "com.apple.product-type.tool";
		};
		D4C229D624943D0200C7B207 /* RVS_IPAddressTests */ = {
			isa = PBXNativeTarget;
			buildConfigurationList = D4C229DC24943D0200C7B207 /* Build configuration list for PBXNativeTarget "RVS_IPAddressTests" */;
			buildPhases = (
				D4C229D324943D0200C7B207 /* Sources */,
			);
			buildRules = (
			);
			dependencies = (
			);
			name = RVS_IPAddressTests;
			productName = RVS_IPAddress_Tests;
			productReference = D4C229D724943D0200C7B207 /* RVS_IPAddressTests.xctest */;
			productType = "com.apple.product-type.bundle.unit-test";
		};
/* End PBXNativeTarget section */

/* Begin PBXProject section */
		D44D99CD22412D390071B02E /* Project object */ = {
			isa = PBXProject;
			attributes = {
				LastSwiftUpdateCheck = 1150;
				LastUpgradeCheck = 1160;
				ORGANIZATIONNAME = "The Great Rift Valley Software Company";
				TargetAttributes = {
					D4C229C524943C9300C7B207 = {
						CreatedOnToolsVersion = 11.5;
					};
					D4C229D624943D0200C7B207 = {
						CreatedOnToolsVersion = 11.5;
					};
				};
			};
			buildConfigurationList = D44D99D022412D390071B02E /* Build configuration list for PBXProject "RVS_IPAddress" */;
			compatibilityVersion = "Xcode 10.0";
			developmentRegion = en;
			hasScannedForEncodings = 0;
			knownRegions = (
				en,
				Base,
			);
			mainGroup = D44D99CC22412D390071B02E;
			productRefGroup = D44D99D622412D390071B02E /* Products */;
			projectDirPath = "";
			projectRoot = "";
			targets = (
				D4C229C524943C9300C7B207 /* RVS_IPAddress */,
				D4C229D624943D0200C7B207 /* RVS_IPAddressTests */,
			);
		};
/* End PBXProject section */

/* Begin PBXShellScriptBuildPhase section */
		D4907AC524956340007FAE32 /* SwiftLint */ = {
			isa = PBXShellScriptBuildPhase;
			buildActionMask = 2147483647;
			files = (
			);
			inputFileListPaths = (
			);
			inputPaths = (
			);
			name = SwiftLint;
			outputFileListPaths = (
			);
			outputPaths = (
			);
			runOnlyForDeploymentPostprocessing = 0;
			shellPath = /bin/sh;
			shellScript = "if test -f \"${PROJECT_DIR}/Project-Meta/SwiftLint/swiftlint\"; then\n    \"${PROJECT_DIR}/Project-Meta/SwiftLint/swiftlint\"\nfi\n";
		};
/* End PBXShellScriptBuildPhase section */

/* Begin PBXSourcesBuildPhase section */
		D4C229C224943C9300C7B207 /* Sources */ = {
			isa = PBXSourcesBuildPhase;
			buildActionMask = 2147483647;
			files = (
				D40214C8249E41E400565A6D /* main.swift in Sources */,
				D4C229CE24943CA500C7B207 /* RVS_IPAddress.swift in Sources */,
			);
			runOnlyForDeploymentPostprocessing = 0;
		};
		D4C229D324943D0200C7B207 /* Sources */ = {
			isa = PBXSourcesBuildPhase;
			buildActionMask = 2147483647;
			files = (
				D4C8FEE624D4D3D9000A1375 /* RVS_IPAddress_Test.swift in Sources */,
				D4BCE26D24D599C200A52172 /* RVS_IPAddress.swift in Sources */,
			);
			runOnlyForDeploymentPostprocessing = 0;
		};
/* End PBXSourcesBuildPhase section */

/* Begin XCBuildConfiguration section */
		D44D99DA22412D390071B02E /* Debug */ = {
			isa = XCBuildConfiguration;
			baseConfigurationReference = D4C229B3249435CA00C7B207 /* Warnings.xcconfig */;
			buildSettings = {
				ALWAYS_SEARCH_USER_PATHS = NO;
				CLANG_ANALYZER_NONNULL = YES;
				CLANG_ANALYZER_NUMBER_OBJECT_CONVERSION = YES_AGGRESSIVE;
				CLANG_CXX_LANGUAGE_STANDARD = "gnu++14";
				CLANG_CXX_LIBRARY = "libc++";
				CLANG_ENABLE_MODULES = YES;
				CLANG_ENABLE_OBJC_ARC = YES;
				CLANG_ENABLE_OBJC_WEAK = YES;
				CLANG_WARN_BLOCK_CAPTURE_AUTORELEASING = YES;
				CLANG_WARN_BOOL_CONVERSION = YES;
				CLANG_WARN_COMMA = YES;
				CLANG_WARN_CONSTANT_CONVERSION = YES;
				CLANG_WARN_DEPRECATED_OBJC_IMPLEMENTATIONS = YES;
				CLANG_WARN_DIRECT_OBJC_ISA_USAGE = YES_ERROR;
				CLANG_WARN_DOCUMENTATION_COMMENTS = YES;
				CLANG_WARN_EMPTY_BODY = YES;
				CLANG_WARN_ENUM_CONVERSION = YES;
				CLANG_WARN_INFINITE_RECURSION = YES;
				CLANG_WARN_INT_CONVERSION = YES;
				CLANG_WARN_NON_LITERAL_NULL_CONVERSION = YES;
				CLANG_WARN_OBJC_IMPLICIT_RETAIN_SELF = YES;
				CLANG_WARN_OBJC_LITERAL_CONVERSION = YES;
				CLANG_WARN_OBJC_ROOT_CLASS = YES_ERROR;
				CLANG_WARN_RANGE_LOOP_ANALYSIS = YES;
				CLANG_WARN_STRICT_PROTOTYPES = YES;
				CLANG_WARN_SUSPICIOUS_MOVE = YES;
				CLANG_WARN_UNGUARDED_AVAILABILITY = YES_AGGRESSIVE;
				CLANG_WARN_UNREACHABLE_CODE = YES;
				CLANG_WARN__DUPLICATE_METHOD_MATCH = YES;
				CODE_SIGN_IDENTITY = "Mac Developer";
				COPY_PHASE_STRIP = NO;
				DEBUG_INFORMATION_FORMAT = dwarf;
				ENABLE_STRICT_OBJC_MSGSEND = YES;
				ENABLE_TESTABILITY = YES;
				GCC_C_LANGUAGE_STANDARD = gnu11;
				GCC_DYNAMIC_NO_PIC = NO;
				GCC_NO_COMMON_BLOCKS = YES;
				GCC_OPTIMIZATION_LEVEL = 0;
				GCC_PREPROCESSOR_DEFINITIONS = (
					"DEBUG=1",
					"$(inherited)",
				);
				GCC_WARN_64_TO_32_BIT_CONVERSION = YES;
				GCC_WARN_ABOUT_RETURN_TYPE = YES_ERROR;
				GCC_WARN_UNDECLARED_SELECTOR = YES;
				GCC_WARN_UNINITIALIZED_AUTOS = YES_AGGRESSIVE;
				GCC_WARN_UNUSED_FUNCTION = YES;
				GCC_WARN_UNUSED_VARIABLE = YES;
				MACOSX_DEPLOYMENT_TARGET = 10.14;
				MTL_ENABLE_DEBUG_INFO = INCLUDE_SOURCE;
				MTL_FAST_MATH = YES;
				ONLY_ACTIVE_ARCH = YES;
				SDKROOT = macosx;
				SWIFT_ACTIVE_COMPILATION_CONDITIONS = DEBUG;
				SWIFT_OPTIMIZATION_LEVEL = "-Onone";
			};
			name = Debug;
		};
		D44D99DB22412D390071B02E /* Release */ = {
			isa = XCBuildConfiguration;
			baseConfigurationReference = D4C229B3249435CA00C7B207 /* Warnings.xcconfig */;
			buildSettings = {
				ALWAYS_SEARCH_USER_PATHS = NO;
				CLANG_ANALYZER_NONNULL = YES;
				CLANG_ANALYZER_NUMBER_OBJECT_CONVERSION = YES_AGGRESSIVE;
				CLANG_CXX_LANGUAGE_STANDARD = "gnu++14";
				CLANG_CXX_LIBRARY = "libc++";
				CLANG_ENABLE_MODULES = YES;
				CLANG_ENABLE_OBJC_ARC = YES;
				CLANG_ENABLE_OBJC_WEAK = YES;
				CLANG_WARN_BLOCK_CAPTURE_AUTORELEASING = YES;
				CLANG_WARN_BOOL_CONVERSION = YES;
				CLANG_WARN_COMMA = YES;
				CLANG_WARN_CONSTANT_CONVERSION = YES;
				CLANG_WARN_DEPRECATED_OBJC_IMPLEMENTATIONS = YES;
				CLANG_WARN_DIRECT_OBJC_ISA_USAGE = YES_ERROR;
				CLANG_WARN_DOCUMENTATION_COMMENTS = YES;
				CLANG_WARN_EMPTY_BODY = YES;
				CLANG_WARN_ENUM_CONVERSION = YES;
				CLANG_WARN_INFINITE_RECURSION = YES;
				CLANG_WARN_INT_CONVERSION = YES;
				CLANG_WARN_NON_LITERAL_NULL_CONVERSION = YES;
				CLANG_WARN_OBJC_IMPLICIT_RETAIN_SELF = YES;
				CLANG_WARN_OBJC_LITERAL_CONVERSION = YES;
				CLANG_WARN_OBJC_ROOT_CLASS = YES_ERROR;
				CLANG_WARN_RANGE_LOOP_ANALYSIS = YES;
				CLANG_WARN_STRICT_PROTOTYPES = YES;
				CLANG_WARN_SUSPICIOUS_MOVE = YES;
				CLANG_WARN_UNGUARDED_AVAILABILITY = YES_AGGRESSIVE;
				CLANG_WARN_UNREACHABLE_CODE = YES;
				CLANG_WARN__DUPLICATE_METHOD_MATCH = YES;
				CODE_SIGN_IDENTITY = "Mac Developer";
				COPY_PHASE_STRIP = NO;
				DEBUG_INFORMATION_FORMAT = "dwarf-with-dsym";
				ENABLE_NS_ASSERTIONS = NO;
				ENABLE_STRICT_OBJC_MSGSEND = YES;
				GCC_C_LANGUAGE_STANDARD = gnu11;
				GCC_NO_COMMON_BLOCKS = YES;
				GCC_WARN_64_TO_32_BIT_CONVERSION = YES;
				GCC_WARN_ABOUT_RETURN_TYPE = YES_ERROR;
				GCC_WARN_UNDECLARED_SELECTOR = YES;
				GCC_WARN_UNINITIALIZED_AUTOS = YES_AGGRESSIVE;
				GCC_WARN_UNUSED_FUNCTION = YES;
				GCC_WARN_UNUSED_VARIABLE = YES;
				MACOSX_DEPLOYMENT_TARGET = 10.14;
				MTL_ENABLE_DEBUG_INFO = NO;
				MTL_FAST_MATH = YES;
				SDKROOT = macosx;
				SWIFT_COMPILATION_MODE = wholemodule;
				SWIFT_OPTIMIZATION_LEVEL = "-O";
			};
			name = Release;
		};
		D4C229CB24943C9300C7B207 /* Debug */ = {
			isa = XCBuildConfiguration;
			buildSettings = {
				CODE_SIGN_IDENTITY = "-";
				CODE_SIGN_STYLE = Automatic;
				DEVELOPMENT_TEAM = KSAUGZFWP2;
				ENABLE_HARDENED_RUNTIME = YES;
				INFOPLIST_FILE = "$(SRCROOT)/Project-Meta/Info.plist";
				MACOSX_DEPLOYMENT_TARGET = 10.14;
				MARKETING_VERSION = 1.2.1;
				PRODUCT_NAME = "$(TARGET_NAME)";
				SWIFT_VERSION = 5.0;
			};
			name = Debug;
		};
		D4C229CC24943C9300C7B207 /* Release */ = {
			isa = XCBuildConfiguration;
			buildSettings = {
				CODE_SIGN_IDENTITY = "-";
				CODE_SIGN_STYLE = Automatic;
				DEVELOPMENT_TEAM = KSAUGZFWP2;
				ENABLE_HARDENED_RUNTIME = YES;
				INFOPLIST_FILE = "$(SRCROOT)/Project-Meta/Info.plist";
				MACOSX_DEPLOYMENT_TARGET = 10.14;
				MARKETING_VERSION = 1.2.1;
				PRODUCT_NAME = "$(TARGET_NAME)";
				SWIFT_VERSION = 5.0;
			};
			name = Release;
		};
		D4C229DD24943D0200C7B207 /* Debug */ = {
			isa = XCBuildConfiguration;
			buildSettings = {
				CODE_SIGN_STYLE = Automatic;
				COMBINE_HIDPI_IMAGES = YES;
				DEVELOPMENT_TEAM = KSAUGZFWP2;
				GCC_PREPROCESSOR_DEFINITIONS = (
					"$(inherited)",
					"TESTING=1",
				);
				INFOPLIST_FILE = Tests/Info.plist;
				LD_RUNPATH_SEARCH_PATHS = (
					"$(inherited)",
					"@executable_path/../Frameworks",
					"@loader_path/../Frameworks",
				);
				MACOSX_DEPLOYMENT_TARGET = 10.15;
				PRODUCT_BUNDLE_IDENTIFIER = "com.riftvalleysoftware.RVS-IPAddress-Tests";
				PRODUCT_NAME = "$(TARGET_NAME)";
				SWIFT_ACTIVE_COMPILATION_CONDITIONS = "DEBUG TESTING";
				SWIFT_VERSION = 5.0;
			};
			name = Debug;
		};
		D4C229DE24943D0200C7B207 /* Release */ = {
			isa = XCBuildConfiguration;
			buildSettings = {
				CODE_SIGN_STYLE = Automatic;
				COMBINE_HIDPI_IMAGES = YES;
				DEVELOPMENT_TEAM = KSAUGZFWP2;
				GCC_PREPROCESSOR_DEFINITIONS = "TESTING=1";
				INFOPLIST_FILE = Tests/Info.plist;
				LD_RUNPATH_SEARCH_PATHS = (
					"$(inherited)",
					"@executable_path/../Frameworks",
					"@loader_path/../Frameworks",
				);
				MACOSX_DEPLOYMENT_TARGET = 10.15;
				PRODUCT_BUNDLE_IDENTIFIER = "com.riftvalleysoftware.RVS-IPAddress-Tests";
				PRODUCT_NAME = "$(TARGET_NAME)";
				SWIFT_ACTIVE_COMPILATION_CONDITIONS = TESTING;
				SWIFT_VERSION = 5.0;
			};
			name = Release;
		};
/* End XCBuildConfiguration section */

/* Begin XCConfigurationList section */
		D44D99D022412D390071B02E /* Build configuration list for PBXProject "RVS_IPAddress" */ = {
			isa = XCConfigurationList;
			buildConfigurations = (
				D44D99DA22412D390071B02E /* Debug */,
				D44D99DB22412D390071B02E /* Release */,
			);
			defaultConfigurationIsVisible = 0;
			defaultConfigurationName = Release;
		};
		D4C229CA24943C9300C7B207 /* Build configuration list for PBXNativeTarget "RVS_IPAddress" */ = {
			isa = XCConfigurationList;
			buildConfigurations = (
				D4C229CB24943C9300C7B207 /* Debug */,
				D4C229CC24943C9300C7B207 /* Release */,
			);
			defaultConfigurationIsVisible = 0;
			defaultConfigurationName = Release;
		};
		D4C229DC24943D0200C7B207 /* Build configuration list for PBXNativeTarget "RVS_IPAddressTests" */ = {
			isa = XCConfigurationList;
			buildConfigurations = (
				D4C229DD24943D0200C7B207 /* Debug */,
				D4C229DE24943D0200C7B207 /* Release */,
			);
			defaultConfigurationIsVisible = 0;
			defaultConfigurationName = Release;
		};
/* End XCConfigurationList section */
	};
	rootObject = D44D99CD22412D390071B02E /* Project object */;
}
